
Microsoft Visual Studio Solution File, Format Version 12.00
# Visual Studio Version 17
VisualStudioVersion = 17.14.36202.13 d17.14
MinimumVisualStudioVersion = 10.0.40219.1
Project("{FAE04EC0-301F-11D3-BF4B-00C04F79EFBC}") = "VeterinariaApi", "VeterinariaApi\VeterinariaApi.csproj", "{A18C0BDB-B178-487B-AC94-9479059917A8}"
EndProject
Global
	GlobalSection(SolutionConfigurationPlatforms) = preSolution
		Debug|Any CPU = Debug|Any CPU
		Release|Any CPU = Release|Any CPU
	EndGlobalSection
	GlobalSection(ProjectConfigurationPlatforms) = postSolution
		{A18C0BDB-B178-487B-AC94-9479059917A8}.Debug|Any CPU.ActiveCfg = Debug|Any CPU
		{A18C0BDB-B178-487B-AC94-9479059917A8}.Debug|Any CPU.Build.0 = Debug|Any CPU
		{A18C0BDB-B178-487B-AC94-9479059917A8}.Release|Any CPU.ActiveCfg = Release|Any CPU
		{A18C0BDB-B178-487B-AC94-9479059917A8}.Release|Any CPU.Build.0 = Release|Any CPU
	EndGlobalSection
	GlobalSection(SolutionProperties) = preSolution
		HideSolutionNode = FALSE
	EndGlobalSection
	GlobalSection(ExtensibilityGlobals) = postSolution
		SolutionGuid = {6E793A92-A1CD-433C-959B-5406C9FBC7E6}
	EndGlobalSection
EndGlobal
